
Microsoft Visual Studio Solution File, Format Version 12.00
# Visual Studio Version 16
VisualStudioVersion = 16.0.30711.63
MinimumVisualStudioVersion = 10.0.40219.1
Project("{9A19103F-16F7-4668-BE54-9A1E7A4F7556}") = "GenerateFromDB", "GenerateFromDB\GenerateFromDB.csproj", "{342BA2BD-858F-4610-8607-823BB97FFB31}"
EndProject
Project("{9A19103F-16F7-4668-BE54-9A1E7A4F7556}") = "GenerateAppBL", "GenerateAppBL\GenerateAppBL.csproj", "{14A457F1-0A84-440D-8CC0-0ADDC515D239}"
EndProject
Project("{FAE04EC0-301F-11D3-BF4B-00C04F79EFBC}") = "ConsoleTest", "ConsoleTest\ConsoleTest.csproj", "{C50D6566-8741-46EB-A40D-7EC2D742FEFA}"
EndProject
Global
	GlobalSection(SolutionConfigurationPlatforms) = preSolution
		Debug|Any CPU = Debug|Any CPU
		Debug|ARM = Debug|ARM
		Debug|ARM64 = Debug|ARM64
		Debug|x64 = Debug|x64
		Debug|x86 = Debug|x86
		Release|Any CPU = Release|Any CPU
		Release|ARM = Release|ARM
		Release|ARM64 = Release|ARM64
		Release|x64 = Release|x64
		Release|x86 = Release|x86
	EndGlobalSection
	GlobalSection(ProjectConfigurationPlatforms) = postSolution
		{342BA2BD-858F-4610-8607-823BB97FFB31}.Debug|Any CPU.ActiveCfg = Debug|Any CPU
		{342BA2BD-858F-4610-8607-823BB97FFB31}.Debug|Any CPU.Build.0 = Debug|Any CPU
		{342BA2BD-858F-4610-8607-823BB97FFB31}.Debug|ARM.ActiveCfg = Debug|Any CPU
		{342BA2BD-858F-4610-8607-823BB97FFB31}.Debug|ARM.Build.0 = Debug|Any CPU
		{342BA2BD-858F-4610-8607-823BB97FFB31}.Debug|ARM64.ActiveCfg = Debug|Any CPU
		{342BA2BD-858F-4610-8607-823BB97FFB31}.Debug|ARM64.Build.0 = Debug|Any CPU
		{342BA2BD-858F-4610-8607-823BB97FFB31}.Debug|x64.ActiveCfg = Debug|Any CPU
		{342BA2BD-858F-4610-8607-823BB97FFB31}.Debug|x64.Build.0 = Debug|Any CPU
		{342BA2BD-858F-4610-8607-823BB97FFB31}.Debug|x86.ActiveCfg = Debug|Any CPU
		{342BA2BD-858F-4610-8607-823BB97FFB31}.Debug|x86.Build.0 = Debug|Any CPU
		{342BA2BD-858F-4610-8607-823BB97FFB31}.Release|Any CPU.ActiveCfg = Release|Any CPU
		{342BA2BD-858F-4610-8607-823BB97FFB31}.Release|Any CPU.Build.0 = Release|Any CPU
		{342BA2BD-858F-4610-8607-823BB97FFB31}.Release|ARM.ActiveCfg = Release|Any CPU
		{342BA2BD-858F-4610-8607-823BB97FFB31}.Release|ARM.Build.0 = Release|Any CPU
		{342BA2BD-858F-4610-8607-823BB97FFB31}.Release|ARM64.ActiveCfg = Release|Any CPU
		{342BA2BD-858F-4610-8607-823BB97FFB31}.Release|ARM64.Build.0 = Release|Any CPU
		{342BA2BD-858F-4610-8607-823BB97FFB31}.Release|x64.ActiveCfg = Release|Any CPU
		{342BA2BD-858F-4610-8607-823BB97FFB31}.Release|x64.Build.0 = Release|Any CPU
		{342BA2BD-858F-4610-8607-823BB97FFB31}.Release|x86.ActiveCfg = Release|Any CPU
		{342BA2BD-858F-4610-8607-823BB97FFB31}.Release|x86.Build.0 = Release|Any CPU
		{14A457F1-0A84-440D-8CC0-0ADDC515D239}.Debug|Any CPU.ActiveCfg = Debug|Any CPU
		{14A457F1-0A84-440D-8CC0-0ADDC515D239}.Debug|Any CPU.Build.0 = Debug|Any CPU
		{14A457F1-0A84-440D-8CC0-0ADDC515D239}.Debug|ARM.ActiveCfg = Debug|Any CPU
		{14A457F1-0A84-440D-8CC0-0ADDC515D239}.Debug|ARM.Build.0 = Debug|Any CPU
		{14A457F1-0A84-440D-8CC0-0ADDC515D239}.Debug|ARM64.ActiveCfg = Debug|Any CPU
		{14A457F1-0A84-440D-8CC0-0ADDC515D239}.Debug|ARM64.Build.0 = Debug|Any CPU
		{14A457F1-0A84-440D-8CC0-0ADDC515D239}.Debug|x64.ActiveCfg = Debug|Any CPU
		{14A457F1-0A84-440D-8CC0-0ADDC515D239}.Debug|x64.Build.0 = Debug|Any CPU
		{14A457F1-0A84-440D-8CC0-0ADDC515D239}.Debug|x86.ActiveCfg = Debug|Any CPU
		{14A457F1-0A84-440D-8CC0-0ADDC515D239}.Debug|x86.Build.0 = Debug|Any CPU
		{14A457F1-0A84-440D-8CC0-0ADDC515D239}.Release|Any CPU.ActiveCfg = Release|Any CPU
		{14A457F1-0A84-440D-8CC0-0ADDC515D239}.Release|Any CPU.Build.0 = Release|Any CPU
		{14A457F1-0A84-440D-8CC0-0ADDC515D239}.Release|ARM.ActiveCfg = Release|Any CPU
		{14A457F1-0A84-440D-8CC0-0ADDC515D239}.Release|ARM.Build.0 = Release|Any CPU
		{14A457F1-0A84-440D-8CC0-0ADDC515D239}.Release|ARM64.ActiveCfg = Release|Any CPU
		{14A457F1-0A84-440D-8CC0-0ADDC515D239}.Release|ARM64.Build.0 = Release|Any CPU
		{14A457F1-0A84-440D-8CC0-0ADDC515D239}.Release|x64.ActiveCfg = Release|Any CPU
		{14A457F1-0A84-440D-8CC0-0ADDC515D239}.Release|x64.Build.0 = Release|Any CPU
		{14A457F1-0A84-440D-8CC0-0ADDC515D239}.Release|x86.ActiveCfg = Release|Any CPU
		{14A457F1-0A84-440D-8CC0-0ADDC515D239}.Release|x86.Build.0 = Release|Any CPU
		{74515E52-D504-481B-82AC-D78357075933}.Debug|Any CPU.ActiveCfg = Debug|Any CPU
		{74515E52-D504-481B-82AC-D78357075933}.Debug|Any CPU.Build.0 = Debug|Any CPU
		{74515E52-D504-481B-82AC-D78357075933}.Debug|ARM.ActiveCfg = Debug|Any CPU
		{74515E52-D504-481B-82AC-D78357075933}.Debug|ARM.Build.0 = Debug|Any CPU
		{74515E52-D504-481B-82AC-D78357075933}.Debug|ARM64.ActiveCfg = Debug|Any CPU
		{74515E52-D504-481B-82AC-D78357075933}.Debug|ARM64.Build.0 = Debug|Any CPU
		{74515E52-D504-481B-82AC-D78357075933}.Debug|x64.ActiveCfg = Debug|Any CPU
		{74515E52-D504-481B-82AC-D78357075933}.Debug|x64.Build.0 = Debug|Any CPU
		{74515E52-D504-481B-82AC-D78357075933}.Debug|x86.ActiveCfg = Debug|Any CPU
		{74515E52-D504-481B-82AC-D78357075933}.Debug|x86.Build.0 = Debug|Any CPU
		{74515E52-D504-481B-82AC-D78357075933}.Release|Any CPU.ActiveCfg = Release|Any CPU
		{74515E52-D504-481B-82AC-D78357075933}.Release|Any CPU.Build.0 = Release|Any CPU
		{74515E52-D504-481B-82AC-D78357075933}.Release|ARM.ActiveCfg = Release|Any CPU
		{74515E52-D504-481B-82AC-D78357075933}.Release|ARM.Build.0 = Release|Any CPU
		{74515E52-D504-481B-82AC-D78357075933}.Release|ARM64.ActiveCfg = Release|Any CPU
		{74515E52-D504-481B-82AC-D78357075933}.Release|ARM64.Build.0 = Release|Any CPU
		{74515E52-D504-481B-82AC-D78357075933}.Release|x64.ActiveCfg = Release|Any CPU
		{74515E52-D504-481B-82AC-D78357075933}.Release|x64.Build.0 = Release|Any CPU
		{74515E52-D504-481B-82AC-D78357075933}.Release|x86.ActiveCfg = Release|Any CPU
		{74515E52-D504-481B-82AC-D78357075933}.Release|x86.Build.0 = Release|Any CPU
		{0EE089B3-5A71-4051-A390-5A9ACF355AFC}.Debug|Any CPU.ActiveCfg = Debug|Any CPU
		{0EE089B3-5A71-4051-A390-5A9ACF355AFC}.Debug|Any CPU.Build.0 = Debug|Any CPU
		{0EE089B3-5A71-4051-A390-5A9ACF355AFC}.Debug|Any CPU.Deploy.0 = Debug|Any CPU
		{0EE089B3-5A71-4051-A390-5A9ACF355AFC}.Debug|ARM.ActiveCfg = Debug|ARM
		{0EE089B3-5A71-4051-A390-5A9ACF355AFC}.Debug|ARM.Build.0 = Debug|ARM
		{0EE089B3-5A71-4051-A390-5A9ACF355AFC}.Debug|ARM.Deploy.0 = Debug|ARM
		{0EE089B3-5A71-4051-A390-5A9ACF355AFC}.Debug|ARM64.ActiveCfg = Debug|ARM64
		{0EE089B3-5A71-4051-A390-5A9ACF355AFC}.Debug|ARM64.Build.0 = Debug|ARM64
		{0EE089B3-5A71-4051-A390-5A9ACF355AFC}.Debug|ARM64.Deploy.0 = Debug|ARM64
		{0EE089B3-5A71-4051-A390-5A9ACF355AFC}.Debug|x64.ActiveCfg = Debug|x64
		{0EE089B3-5A71-4051-A390-5A9ACF355AFC}.Debug|x86.ActiveCfg = Debug|x86
		{0EE089B3-5A71-4051-A390-5A9ACF355AFC}.Debug|x86.Build.0 = Debug|x86
		{0EE089B3-5A71-4051-A390-5A9ACF355AFC}.Debug|x86.Deploy.0 = Debug|x86
		{0EE089B3-5A71-4051-A390-5A9ACF355AFC}.Release|Any CPU.ActiveCfg = Release|Any CPU
		{0EE089B3-5A71-4051-A390-5A9ACF355AFC}.Release|Any CPU.Build.0 = Release|Any CPU
		{0EE089B3-5A71-4051-A390-5A9ACF355AFC}.Release|Any CPU.Deploy.0 = Release|Any CPU
		{0EE089B3-5A71-4051-A390-5A9ACF355AFC}.Release|ARM.ActiveCfg = Release|ARM
		{0EE089B3-5A71-4051-A390-5A9ACF355AFC}.Release|ARM.Build.0 = Release|ARM
		{0EE089B3-5A71-4051-A390-5A9ACF355AFC}.Release|ARM.Deploy.0 = Release|ARM
		{0EE089B3-5A71-4051-A390-5A9ACF355AFC}.Release|ARM64.ActiveCfg = Release|ARM64
		{0EE089B3-5A71-4051-A390-5A9ACF355AFC}.Release|ARM64.Build.0 = Release|ARM64
		{0EE089B3-5A71-4051-A390-5A9ACF355AFC}.Release|ARM64.Deploy.0 = Release|ARM64
		{0EE089B3-5A71-4051-A390-5A9ACF355AFC}.Release|x64.ActiveCfg = Release|x64
		{0EE089B3-5A71-4051-A390-5A9ACF355AFC}.Release|x64.Build.0 = Release|x64
		{0EE089B3-5A71-4051-A390-5A9ACF355AFC}.Release|x64.Deploy.0 = Release|x64
		{0EE089B3-5A71-4051-A390-5A9ACF355AFC}.Release|x86.ActiveCfg = Release|x86
		{0EE089B3-5A71-4051-A390-5A9ACF355AFC}.Release|x86.Build.0 = Release|x86
		{0EE089B3-5A71-4051-A390-5A9ACF355AFC}.Release|x86.Deploy.0 = Release|x86
		{C50D6566-8741-46EB-A40D-7EC2D742FEFA}.Debug|Any CPU.ActiveCfg = Debug|Any CPU
		{C50D6566-8741-46EB-A40D-7EC2D742FEFA}.Debug|Any CPU.Build.0 = Debug|Any CPU
		{C50D6566-8741-46EB-A40D-7EC2D742FEFA}.Debug|ARM.ActiveCfg = Debug|Any CPU
		{C50D6566-8741-46EB-A40D-7EC2D742FEFA}.Debug|ARM.Build.0 = Debug|Any CPU
		{C50D6566-8741-46EB-A40D-7EC2D742FEFA}.Debug|ARM64.ActiveCfg = Debug|Any CPU
		{C50D6566-8741-46EB-A40D-7EC2D742FEFA}.Debug|ARM64.Build.0 = Debug|Any CPU
		{C50D6566-8741-46EB-A40D-7EC2D742FEFA}.Debug|x64.ActiveCfg = Debug|Any CPU
		{C50D6566-8741-46EB-A40D-7EC2D742FEFA}.Debug|x64.Build.0 = Debug|Any CPU
		{C50D6566-8741-46EB-A40D-7EC2D742FEFA}.Debug|x86.ActiveCfg = Debug|Any CPU
		{C50D6566-8741-46EB-A40D-7EC2D742FEFA}.Debug|x86.Build.0 = Debug|Any CPU
		{C50D6566-8741-46EB-A40D-7EC2D742FEFA}.Release|Any CPU.ActiveCfg = Release|Any CPU
		{C50D6566-8741-46EB-A40D-7EC2D742FEFA}.Release|Any CPU.Build.0 = Release|Any CPU
		{C50D6566-8741-46EB-A40D-7EC2D742FEFA}.Release|ARM.ActiveCfg = Release|Any CPU
		{C50D6566-8741-46EB-A40D-7EC2D742FEFA}.Release|ARM.Build.0 = Release|Any CPU
		{C50D6566-8741-46EB-A40D-7EC2D742FEFA}.Release|ARM64.ActiveCfg = Release|Any CPU
		{C50D6566-8741-46EB-A40D-7EC2D742FEFA}.Release|ARM64.Build.0 = Release|Any CPU
		{C50D6566-8741-46EB-A40D-7EC2D742FEFA}.Release|x64.ActiveCfg = Release|Any CPU
		{C50D6566-8741-46EB-A40D-7EC2D742FEFA}.Release|x64.Build.0 = Release|Any CPU
		{C50D6566-8741-46EB-A40D-7EC2D742FEFA}.Release|x86.ActiveCfg = Release|Any CPU
		{C50D6566-8741-46EB-A40D-7EC2D742FEFA}.Release|x86.Build.0 = Release|Any CPU
	EndGlobalSection
	GlobalSection(SolutionProperties) = preSolution
		HideSolutionNode = FALSE
	EndGlobalSection
	GlobalSection(ExtensibilityGlobals) = postSolution
		SolutionGuid = {B4C573A3-E68E-4B4A-8FED-1116430F6E77}
	EndGlobalSection
EndGlobal
